{
  "name": "zxnext",
  "version": "1.0.0",
  "lockfileVersion": 1,
  "requires": true,
  "dependencies": {
    "@codemirror/next": {
      "version": "0.4.0",
      "resolved": "https://registry.npmjs.org/@codemirror/next/-/next-0.4.0.tgz",
      "integrity": "sha512-DEEauaL6UH5+efIkgYTbkDiVKmEc+ryfsScN9IA8y9WrONONWMTR3Te8QsK+4nIL1qBEdjjj+i0e4cNBrMMSWg==",
      "requires": {
        "lezer": "^0.7.0",
        "lezer-css": "^0.7.0",
        "lezer-html": "^0.7.0",
        "lezer-javascript": "^0.7.0",
        "lezer-tree": "^0.7.0",
        "style-mod": "^2.2.0",
        "w3c-keyname": "^2.1.1"
      }
    },
    "@remy/unpack": {
      "version": "2.1.0",
      "resolved": "https://registry.npmjs.org/@remy/unpack/-/unpack-2.1.0.tgz",
      "integrity": "sha512-ebUXFr4wxYydwi96KfRnHwKFvlaJ/lsAvXWnhAw9F1SgiiW1j77JTEC7kjaLSzU8ElOeRpCUFP/Pr7FS50dhpA=="
    },
    "codemirror": {
      "version": "5.52.0",
      "resolved": "https://registry.npmjs.org/codemirror/-/codemirror-5.52.0.tgz",
      "integrity": "sha512-K2UB6zjscrfME03HeRe/IuOmCeqNpw7PLKGHThYpLbZEuKf+ZoujJPhxZN4hHJS1O7QyzEsV7JJZGxuQWVaFCg=="
    },
    "esm": {
      "version": "3.2.25",
      "resolved": "https://registry.npmjs.org/esm/-/esm-3.2.25.tgz",
      "integrity": "sha512-U1suiZ2oDVWv4zPO56S0NcR5QriEahGtdN2OR6FiOG4WJvcjBVFB0qI4+eKoWFH483PKGuLuu6V8Z4T5g63UVA=="
    },
    "lezer": {
      "version": "0.7.1",
      "resolved": "https://registry.npmjs.org/lezer/-/lezer-0.7.1.tgz",
      "integrity": "sha512-H3Fgy7W2PGR8Z6vJoXblkWlgIm6kTO81baR2P7qi6fgHM2q5qPSr2O+G1hBCXk1hYRy6RaS9D6Pq3xLbgc8Hyg==",
      "requires": {
        "lezer-tree": "^0.7.1"
      }
    },
    "lezer-css": {
      "version": "0.7.0",
      "resolved": "https://registry.npmjs.org/lezer-css/-/lezer-css-0.7.0.tgz",
      "integrity": "sha512-bGhsaoXiwLjR7AXouoSndUp8K4ZHaEK9BcS6aj4+NGkevzFkgTfxs4tpmM7tMYz1R3UFoZpUlAiWZjTR3hqHdA==",
      "requires": {
        "lezer": "^0.7.0"
      }
    },
    "lezer-html": {
      "version": "0.7.0",
      "resolved": "https://registry.npmjs.org/lezer-html/-/lezer-html-0.7.0.tgz",
      "integrity": "sha512-2zV4f3vFeF1pQ6EcNTyuBchr7EdQc9+VuYDEfhaeOjfpT1d3tbUwDNRybB52LnEBEYj2uQ9B/5kejry69WJ3PQ==",
      "requires": {
        "lezer": "^0.7.0"
      }
    },
    "lezer-javascript": {
      "version": "0.7.0",
      "resolved": "https://registry.npmjs.org/lezer-javascript/-/lezer-javascript-0.7.0.tgz",
      "integrity": "sha512-lRvwu/7z/xy/z8XMgXJxMBD8skcDbLwDoBQzlLN/2uNsxegq4stfyTp0Scm6/ti6054JeB6UcoVDzGLxl7uFNQ==",
      "requires": {
        "lezer": "^0.7.0"
      }
    },
    "lezer-tree": {
      "version": "0.7.1",
      "resolved": "https://registry.npmjs.org/lezer-tree/-/lezer-tree-0.7.1.tgz",
      "integrity": "sha512-qmlK2rWa6g24IpFsVooTL4oc/Xgtsv7n/1O3gua/k9bbwspL5Pkd/Gfjz2Sgab9zrdiif2+wVgRk9RfBIUvWhQ=="
    },
    "style-mod": {
      "version": "2.2.1",
      "resolved": "https://registry.npmjs.org/style-mod/-/style-mod-2.2.1.tgz",
      "integrity": "sha512-otrZ/chTK4xAB9UctuCTId8JkuXbhOnrVW3T322GMf1XhMw8AnSV4VxIycVYCKuHm0uJMjBcRNYoo0A38ECh/Q=="
    },
    "w3c-keyname": {
      "version": "2.2.2",
      "resolved": "https://registry.npmjs.org/w3c-keyname/-/w3c-keyname-2.2.2.tgz",
      "integrity": "sha512-8Vs/aVwcy0IJACaPm4tyzh1fzehZE70bGSjEl3dDms5UXtWnaBElrSHC8lDDeak0Gk5jxKOFstL64/65o7Ge2A=="
    }
  }
}
